{
  "name": "react-dnd-tutorial",
  "version": "0.1.0",
  "lockfileVersion": 1,
  "dependencies": {
    "lodash": {
      "version": "4.17.4",
      "resolved": "https://registry.npmjs.org/lodash/-/lodash-4.17.4.tgz",
      "integrity": "sha1-eCA6TRwyiuHYbcpkYONptX9AVa4="
    },
    "react-dnd-html5-backend": {
      "version": "2.4.1",
      "resolved": "https://registry.npmjs.org/react-dnd-html5-backend/-/react-dnd-html5-backend-2.4.1.tgz",
      "integrity": "sha1-Q50ryvi9i4elE4a+tRwSiCYYLd0="
    }
  }
}
